
Microsoft Visual Studio Solution File, Format Version 12.00
# Visual Studio 15
VisualStudioVersion = 15.0.27703.2000
MinimumVisualStudioVersion = 10.0.40219.1
Project("{E24C65DC-7377-472B-9ABA-BC803B73C61A}") = "FortuneTellerJS", "FortuneTellerJS\", "{215348A9-D61C-4408-8736-563AA3175CB4}"
	ProjectSection(WebsiteProperties) = preProject
		TargetFrameworkMoniker = ".NETFramework,Version%3Dv4.6.1"
		Debug.AspNetCompiler.VirtualPath = "/localhost_54500"
		Debug.AspNetCompiler.PhysicalPath = "FortuneTellerJS\"
		Debug.AspNetCompiler.TargetPath = "PrecompiledWeb\localhost_54500\"
		Debug.AspNetCompiler.Updateable = "true"
		Debug.AspNetCompiler.ForceOverwrite = "true"
		Debug.AspNetCompiler.FixedNames = "false"
		Debug.AspNetCompiler.Debug = "True"
		Release.AspNetCompiler.VirtualPath = "/localhost_54500"
		Release.AspNetCompiler.PhysicalPath = "FortuneTellerJS\"
		Release.AspNetCompiler.TargetPath = "PrecompiledWeb\localhost_54500\"
		Release.AspNetCompiler.Updateable = "true"
		Release.AspNetCompiler.ForceOverwrite = "true"
		Release.AspNetCompiler.FixedNames = "false"
		Release.AspNetCompiler.Debug = "False"
		VWDPort = "54500"
		SlnRelativePath = "FortuneTellerJS\"
		DefaultWebSiteLanguage = "Visual C#"
	EndProjectSection
EndProject
Global
	GlobalSection(SolutionConfigurationPlatforms) = preSolution
		Debug|Any CPU = Debug|Any CPU
	EndGlobalSection
	GlobalSection(ProjectConfigurationPlatforms) = postSolution
		{215348A9-D61C-4408-8736-563AA3175CB4}.Debug|Any CPU.ActiveCfg = Debug|Any CPU
		{215348A9-D61C-4408-8736-563AA3175CB4}.Debug|Any CPU.Build.0 = Debug|Any CPU
	EndGlobalSection
	GlobalSection(SolutionProperties) = preSolution
		HideSolutionNode = FALSE
	EndGlobalSection
	GlobalSection(ExtensibilityGlobals) = postSolution
		SolutionGuid = {AF7E2CD6-D4DE-4B7E-9F28-712972428DD2}
	EndGlobalSection
EndGlobal
